
Microsoft Visual Studio Solution File, Format Version 12.00
# Visual Studio 15
VisualStudioVersion = 15.0.26430.6
MinimumVisualStudioVersion = 10.0.40219.1
Project("{FAE04EC0-301F-11D3-BF4B-00C04F79EFBC}") = "Metamon", "Metamon\Metamon.csproj", "{F4EBBE61-EDAF-4811-860D-97D73BB6ED46}"
EndProject
Project("{8BC9CEB8-8B4A-11D0-8D11-00A0C91BC942}") = "HandMotionDll", "HandMotionDll\HandMotionDll.vcxproj", "{DA2E4061-5820-4FAB-9963-2A9E4BEBD5FC}"
EndProject
Project("{8BC9CEB8-8B4A-11D0-8D11-00A0C91BC942}") = "PointOfHandDetectionDll", "PointOfHandDetectionDll\PointOfHandDetectionDll.vcxproj", "{B75150B7-4545-4F34-A758-E5680964E22E}"
EndProject
Project("{8BC9CEB8-8B4A-11D0-8D11-00A0C91BC942}") = "CamFuncsDll", "CamFuncsDll\CamFuncsDll.vcxproj", "{6F79BBF9-CF16-4991-9832-1AEC13329809}"
EndProject
Project("{8BC9CEB8-8B4A-11D0-8D11-00A0C91BC942}") = "FindLetter", "FindLetter\FindLetter.vcxproj", "{B0BCD129-AF46-49BE-BB68-611839E025CF}"
EndProject
Project("{8BC9CEB8-8B4A-11D0-8D11-00A0C91BC942}") = "MoireRemove", "MoireRemove\MoireRemove.vcxproj", "{6CCA1426-4FB2-4E8D-ABEE-0E30AA3F6C7E}"
EndProject
Global
	GlobalSection(SolutionConfigurationPlatforms) = preSolution
		Debug|Any CPU = Debug|Any CPU
		Debug|x64 = Debug|x64
		Debug|x86 = Debug|x86
		Release|Any CPU = Release|Any CPU
		Release|x64 = Release|x64
		Release|x86 = Release|x86
	EndGlobalSection
	GlobalSection(ProjectConfigurationPlatforms) = postSolution
		{F4EBBE61-EDAF-4811-860D-97D73BB6ED46}.Debug|Any CPU.ActiveCfg = Debug|Any CPU
		{F4EBBE61-EDAF-4811-860D-97D73BB6ED46}.Debug|Any CPU.Build.0 = Debug|Any CPU
		{F4EBBE61-EDAF-4811-860D-97D73BB6ED46}.Debug|x64.ActiveCfg = Debug|Any CPU
		{F4EBBE61-EDAF-4811-860D-97D73BB6ED46}.Debug|x64.Build.0 = Debug|Any CPU
		{F4EBBE61-EDAF-4811-860D-97D73BB6ED46}.Debug|x86.ActiveCfg = Debug|x86
		{F4EBBE61-EDAF-4811-860D-97D73BB6ED46}.Debug|x86.Build.0 = Debug|x86
		{F4EBBE61-EDAF-4811-860D-97D73BB6ED46}.Release|Any CPU.ActiveCfg = Release|Any CPU
		{F4EBBE61-EDAF-4811-860D-97D73BB6ED46}.Release|Any CPU.Build.0 = Release|Any CPU
		{F4EBBE61-EDAF-4811-860D-97D73BB6ED46}.Release|x64.ActiveCfg = Release|Any CPU
		{F4EBBE61-EDAF-4811-860D-97D73BB6ED46}.Release|x64.Build.0 = Release|Any CPU
		{F4EBBE61-EDAF-4811-860D-97D73BB6ED46}.Release|x86.ActiveCfg = Release|x86
		{F4EBBE61-EDAF-4811-860D-97D73BB6ED46}.Release|x86.Build.0 = Release|x86
		{DA2E4061-5820-4FAB-9963-2A9E4BEBD5FC}.Debug|Any CPU.ActiveCfg = Debug|Win32
		{DA2E4061-5820-4FAB-9963-2A9E4BEBD5FC}.Debug|x64.ActiveCfg = Debug|x64
		{DA2E4061-5820-4FAB-9963-2A9E4BEBD5FC}.Debug|x64.Build.0 = Debug|x64
		{DA2E4061-5820-4FAB-9963-2A9E4BEBD5FC}.Debug|x86.ActiveCfg = Debug|Win32
		{DA2E4061-5820-4FAB-9963-2A9E4BEBD5FC}.Debug|x86.Build.0 = Debug|Win32
		{DA2E4061-5820-4FAB-9963-2A9E4BEBD5FC}.Release|Any CPU.ActiveCfg = Release|Win32
		{DA2E4061-5820-4FAB-9963-2A9E4BEBD5FC}.Release|x64.ActiveCfg = Release|x64
		{DA2E4061-5820-4FAB-9963-2A9E4BEBD5FC}.Release|x64.Build.0 = Release|x64
		{DA2E4061-5820-4FAB-9963-2A9E4BEBD5FC}.Release|x86.ActiveCfg = Release|Win32
		{DA2E4061-5820-4FAB-9963-2A9E4BEBD5FC}.Release|x86.Build.0 = Release|Win32
		{B75150B7-4545-4F34-A758-E5680964E22E}.Debug|Any CPU.ActiveCfg = Debug|Win32
		{B75150B7-4545-4F34-A758-E5680964E22E}.Debug|x64.ActiveCfg = Debug|x64
		{B75150B7-4545-4F34-A758-E5680964E22E}.Debug|x64.Build.0 = Debug|x64
		{B75150B7-4545-4F34-A758-E5680964E22E}.Debug|x86.ActiveCfg = Debug|Win32
		{B75150B7-4545-4F34-A758-E5680964E22E}.Debug|x86.Build.0 = Debug|Win32
		{B75150B7-4545-4F34-A758-E5680964E22E}.Release|Any CPU.ActiveCfg = Release|Win32
		{B75150B7-4545-4F34-A758-E5680964E22E}.Release|x64.ActiveCfg = Release|x64
		{B75150B7-4545-4F34-A758-E5680964E22E}.Release|x64.Build.0 = Release|x64
		{B75150B7-4545-4F34-A758-E5680964E22E}.Release|x86.ActiveCfg = Release|Win32
		{B75150B7-4545-4F34-A758-E5680964E22E}.Release|x86.Build.0 = Release|Win32
		{6F79BBF9-CF16-4991-9832-1AEC13329809}.Debug|Any CPU.ActiveCfg = Debug|Win32
		{6F79BBF9-CF16-4991-9832-1AEC13329809}.Debug|x64.ActiveCfg = Debug|x64
		{6F79BBF9-CF16-4991-9832-1AEC13329809}.Debug|x64.Build.0 = Debug|x64
		{6F79BBF9-CF16-4991-9832-1AEC13329809}.Debug|x86.ActiveCfg = Debug|Win32
		{6F79BBF9-CF16-4991-9832-1AEC13329809}.Debug|x86.Build.0 = Debug|Win32
		{6F79BBF9-CF16-4991-9832-1AEC13329809}.Release|Any CPU.ActiveCfg = Release|Win32
		{6F79BBF9-CF16-4991-9832-1AEC13329809}.Release|x64.ActiveCfg = Release|x64
		{6F79BBF9-CF16-4991-9832-1AEC13329809}.Release|x64.Build.0 = Release|x64
		{6F79BBF9-CF16-4991-9832-1AEC13329809}.Release|x86.ActiveCfg = Release|Win32
		{6F79BBF9-CF16-4991-9832-1AEC13329809}.Release|x86.Build.0 = Release|Win32
		{B0BCD129-AF46-49BE-BB68-611839E025CF}.Debug|Any CPU.ActiveCfg = Debug|Win32
		{B0BCD129-AF46-49BE-BB68-611839E025CF}.Debug|x64.ActiveCfg = Debug|x64
		{B0BCD129-AF46-49BE-BB68-611839E025CF}.Debug|x64.Build.0 = Debug|x64
		{B0BCD129-AF46-49BE-BB68-611839E025CF}.Debug|x86.ActiveCfg = Debug|Win32
		{B0BCD129-AF46-49BE-BB68-611839E025CF}.Debug|x86.Build.0 = Debug|Win32
		{B0BCD129-AF46-49BE-BB68-611839E025CF}.Release|Any CPU.ActiveCfg = Release|Win32
		{B0BCD129-AF46-49BE-BB68-611839E025CF}.Release|x64.ActiveCfg = Release|x64
		{B0BCD129-AF46-49BE-BB68-611839E025CF}.Release|x64.Build.0 = Release|x64
		{B0BCD129-AF46-49BE-BB68-611839E025CF}.Release|x86.ActiveCfg = Release|Win32
		{B0BCD129-AF46-49BE-BB68-611839E025CF}.Release|x86.Build.0 = Release|Win32
		{6CCA1426-4FB2-4E8D-ABEE-0E30AA3F6C7E}.Debug|Any CPU.ActiveCfg = Debug|Win32
		{6CCA1426-4FB2-4E8D-ABEE-0E30AA3F6C7E}.Debug|x64.ActiveCfg = Debug|x64
		{6CCA1426-4FB2-4E8D-ABEE-0E30AA3F6C7E}.Debug|x64.Build.0 = Debug|x64
		{6CCA1426-4FB2-4E8D-ABEE-0E30AA3F6C7E}.Debug|x86.ActiveCfg = Debug|Win32
		{6CCA1426-4FB2-4E8D-ABEE-0E30AA3F6C7E}.Debug|x86.Build.0 = Debug|Win32
		{6CCA1426-4FB2-4E8D-ABEE-0E30AA3F6C7E}.Release|Any CPU.ActiveCfg = Release|Win32
		{6CCA1426-4FB2-4E8D-ABEE-0E30AA3F6C7E}.Release|x64.ActiveCfg = Release|x64
		{6CCA1426-4FB2-4E8D-ABEE-0E30AA3F6C7E}.Release|x64.Build.0 = Release|x64
		{6CCA1426-4FB2-4E8D-ABEE-0E30AA3F6C7E}.Release|x86.ActiveCfg = Release|Win32
		{6CCA1426-4FB2-4E8D-ABEE-0E30AA3F6C7E}.Release|x86.Build.0 = Release|Win32
	EndGlobalSection
	GlobalSection(SolutionProperties) = preSolution
		HideSolutionNode = FALSE
	EndGlobalSection
EndGlobal
